
Microsoft Visual Studio Solution File, Format Version 12.00
# Visual Studio 15
VisualStudioVersion = 15.0.27004.2008
MinimumVisualStudioVersion = 10.0.40219.1
Project("{FAE04EC0-301F-11D3-BF4B-00C04F79EFBC}") = "XamarinFormsStdApp.Android", "XamarinFormsStdApp\XamarinFormsStdApp.Android\XamarinFormsStdApp.Android.csproj", "{A46BC345-6E45-47A0-88A0-103B5FC4FC55}"
EndProject
Project("{FAE04EC0-301F-11D3-BF4B-00C04F79EFBC}") = "XamarinFormsStdApp", "XamarinFormsStdApp\XamarinFormsStdApp\XamarinFormsStdApp.csproj", "{0FD6F346-1A11-464A-9CEF-E121885D2807}"
EndProject
Project("{FAE04EC0-301F-11D3-BF4B-00C04F79EFBC}") = "XamarinFormsStdApp.UWP", "XamarinFormsStdApp\XamarinFormsStdApp.UWP\XamarinFormsStdApp.UWP.csproj", "{C1334684-17C3-4DF6-986B-C4E84BC08368}"
EndProject
Project("{FAE04EC0-301F-11D3-BF4B-00C04F79EFBC}") = "XamarinFormsStdApp.iOS", "XamarinFormsStdApp\XamarinFormsStdApp.iOS\XamarinFormsStdApp.iOS.csproj", "{1FCEBB73-9941-49D4-8D07-1C07360DA8C7}"
EndProject
Global
	GlobalSection(SolutionConfigurationPlatforms) = preSolution
		Ad-Hoc|Any CPU = Ad-Hoc|Any CPU
		Ad-Hoc|ARM = Ad-Hoc|ARM
		Ad-Hoc|iPhone = Ad-Hoc|iPhone
		Ad-Hoc|iPhoneSimulator = Ad-Hoc|iPhoneSimulator
		Ad-Hoc|x64 = Ad-Hoc|x64
		Ad-Hoc|x86 = Ad-Hoc|x86
		AppStore|Any CPU = AppStore|Any CPU
		AppStore|ARM = AppStore|ARM
		AppStore|iPhone = AppStore|iPhone
		AppStore|iPhoneSimulator = AppStore|iPhoneSimulator
		AppStore|x64 = AppStore|x64
		AppStore|x86 = AppStore|x86
		Debug|Any CPU = Debug|Any CPU
		Debug|ARM = Debug|ARM
		Debug|iPhone = Debug|iPhone
		Debug|iPhoneSimulator = Debug|iPhoneSimulator
		Debug|x64 = Debug|x64
		Debug|x86 = Debug|x86
		Release|Any CPU = Release|Any CPU
		Release|ARM = Release|ARM
		Release|iPhone = Release|iPhone
		Release|iPhoneSimulator = Release|iPhoneSimulator
		Release|x64 = Release|x64
		Release|x86 = Release|x86
	EndGlobalSection
	GlobalSection(ProjectConfigurationPlatforms) = postSolution
		{A46BC345-6E45-47A0-88A0-103B5FC4FC55}.Ad-Hoc|Any CPU.ActiveCfg = Release|Any CPU
		{A46BC345-6E45-47A0-88A0-103B5FC4FC55}.Ad-Hoc|Any CPU.Build.0 = Release|Any CPU
		{A46BC345-6E45-47A0-88A0-103B5FC4FC55}.Ad-Hoc|Any CPU.Deploy.0 = Release|Any CPU
		{A46BC345-6E45-47A0-88A0-103B5FC4FC55}.Ad-Hoc|ARM.ActiveCfg = Release|Any CPU
		{A46BC345-6E45-47A0-88A0-103B5FC4FC55}.Ad-Hoc|ARM.Build.0 = Release|Any CPU
		{A46BC345-6E45-47A0-88A0-103B5FC4FC55}.Ad-Hoc|ARM.Deploy.0 = Release|Any CPU
		{A46BC345-6E45-47A0-88A0-103B5FC4FC55}.Ad-Hoc|iPhone.ActiveCfg = Release|Any CPU
		{A46BC345-6E45-47A0-88A0-103B5FC4FC55}.Ad-Hoc|iPhone.Build.0 = Release|Any CPU
		{A46BC345-6E45-47A0-88A0-103B5FC4FC55}.Ad-Hoc|iPhone.Deploy.0 = Release|Any CPU
		{A46BC345-6E45-47A0-88A0-103B5FC4FC55}.Ad-Hoc|iPhoneSimulator.ActiveCfg = Release|Any CPU
		{A46BC345-6E45-47A0-88A0-103B5FC4FC55}.Ad-Hoc|iPhoneSimulator.Build.0 = Release|Any CPU
		{A46BC345-6E45-47A0-88A0-103B5FC4FC55}.Ad-Hoc|iPhoneSimulator.Deploy.0 = Release|Any CPU
		{A46BC345-6E45-47A0-88A0-103B5FC4FC55}.Ad-Hoc|x64.ActiveCfg = Release|Any CPU
		{A46BC345-6E45-47A0-88A0-103B5FC4FC55}.Ad-Hoc|x64.Build.0 = Release|Any CPU
		{A46BC345-6E45-47A0-88A0-103B5FC4FC55}.Ad-Hoc|x64.Deploy.0 = Release|Any CPU
		{A46BC345-6E45-47A0-88A0-103B5FC4FC55}.Ad-Hoc|x86.ActiveCfg = Release|Any CPU
		{A46BC345-6E45-47A0-88A0-103B5FC4FC55}.Ad-Hoc|x86.Build.0 = Release|Any CPU
		{A46BC345-6E45-47A0-88A0-103B5FC4FC55}.Ad-Hoc|x86.Deploy.0 = Release|Any CPU
		{A46BC345-6E45-47A0-88A0-103B5FC4FC55}.AppStore|Any CPU.ActiveCfg = Release|Any CPU
		{A46BC345-6E45-47A0-88A0-103B5FC4FC55}.AppStore|Any CPU.Build.0 = Release|Any CPU
		{A46BC345-6E45-47A0-88A0-103B5FC4FC55}.AppStore|Any CPU.Deploy.0 = Release|Any CPU
		{A46BC345-6E45-47A0-88A0-103B5FC4FC55}.AppStore|ARM.ActiveCfg = Release|Any CPU
		{A46BC345-6E45-47A0-88A0-103B5FC4FC55}.AppStore|ARM.Build.0 = Release|Any CPU
		{A46BC345-6E45-47A0-88A0-103B5FC4FC55}.AppStore|ARM.Deploy.0 = Release|Any CPU
		{A46BC345-6E45-47A0-88A0-103B5FC4FC55}.AppStore|iPhone.ActiveCfg = Release|Any CPU
		{A46BC345-6E45-47A0-88A0-103B5FC4FC55}.AppStore|iPhone.Build.0 = Release|Any CPU
		{A46BC345-6E45-47A0-88A0-103B5FC4FC55}.AppStore|iPhone.Deploy.0 = Release|Any CPU
		{A46BC345-6E45-47A0-88A0-103B5FC4FC55}.AppStore|iPhoneSimulator.ActiveCfg = Release|Any CPU
		{A46BC345-6E45-47A0-88A0-103B5FC4FC55}.AppStore|iPhoneSimulator.Build.0 = Release|Any CPU
		{A46BC345-6E45-47A0-88A0-103B5FC4FC55}.AppStore|iPhoneSimulator.Deploy.0 = Release|Any CPU
		{A46BC345-6E45-47A0-88A0-103B5FC4FC55}.AppStore|x64.ActiveCfg = Release|Any CPU
		{A46BC345-6E45-47A0-88A0-103B5FC4FC55}.AppStore|x64.Build.0 = Release|Any CPU
		{A46BC345-6E45-47A0-88A0-103B5FC4FC55}.AppStore|x64.Deploy.0 = Release|Any CPU
		{A46BC345-6E45-47A0-88A0-103B5FC4FC55}.AppStore|x86.ActiveCfg = Release|Any CPU
		{A46BC345-6E45-47A0-88A0-103B5FC4FC55}.AppStore|x86.Build.0 = Release|Any CPU
		{A46BC345-6E45-47A0-88A0-103B5FC4FC55}.AppStore|x86.Deploy.0 = Release|Any CPU
		{A46BC345-6E45-47A0-88A0-103B5FC4FC55}.Debug|Any CPU.ActiveCfg = Debug|Any CPU
		{A46BC345-6E45-47A0-88A0-103B5FC4FC55}.Debug|Any CPU.Build.0 = Debug|Any CPU
		{A46BC345-6E45-47A0-88A0-103B5FC4FC55}.Debug|Any CPU.Deploy.0 = Debug|Any CPU
		{A46BC345-6E45-47A0-88A0-103B5FC4FC55}.Debug|ARM.ActiveCfg = Debug|Any CPU
		{A46BC345-6E45-47A0-88A0-103B5FC4FC55}.Debug|ARM.Build.0 = Debug|Any CPU
		{A46BC345-6E45-47A0-88A0-103B5FC4FC55}.Debug|ARM.Deploy.0 = Debug|Any CPU
		{A46BC345-6E45-47A0-88A0-103B5FC4FC55}.Debug|iPhone.ActiveCfg = Debug|Any CPU
		{A46BC345-6E45-47A0-88A0-103B5FC4FC55}.Debug|iPhone.Build.0 = Debug|Any CPU
		{A46BC345-6E45-47A0-88A0-103B5FC4FC55}.Debug|iPhone.Deploy.0 = Debug|Any CPU
		{A46BC345-6E45-47A0-88A0-103B5FC4FC55}.Debug|iPhoneSimulator.ActiveCfg = Debug|Any CPU
		{A46BC345-6E45-47A0-88A0-103B5FC4FC55}.Debug|iPhoneSimulator.Build.0 = Debug|Any CPU
		{A46BC345-6E45-47A0-88A0-103B5FC4FC55}.Debug|iPhoneSimulator.Deploy.0 = Debug|Any CPU
		{A46BC345-6E45-47A0-88A0-103B5FC4FC55}.Debug|x64.ActiveCfg = Debug|Any CPU
		{A46BC345-6E45-47A0-88A0-103B5FC4FC55}.Debug|x64.Build.0 = Debug|Any CPU
		{A46BC345-6E45-47A0-88A0-103B5FC4FC55}.Debug|x64.Deploy.0 = Debug|Any CPU
		{A46BC345-6E45-47A0-88A0-103B5FC4FC55}.Debug|x86.ActiveCfg = Debug|Any CPU
		{A46BC345-6E45-47A0-88A0-103B5FC4FC55}.Debug|x86.Build.0 = Debug|Any CPU
		{A46BC345-6E45-47A0-88A0-103B5FC4FC55}.Debug|x86.Deploy.0 = Debug|Any CPU
		{A46BC345-6E45-47A0-88A0-103B5FC4FC55}.Release|Any CPU.ActiveCfg = Release|Any CPU
		{A46BC345-6E45-47A0-88A0-103B5FC4FC55}.Release|Any CPU.Build.0 = Release|Any CPU
		{A46BC345-6E45-47A0-88A0-103B5FC4FC55}.Release|Any CPU.Deploy.0 = Release|Any CPU
		{A46BC345-6E45-47A0-88A0-103B5FC4FC55}.Release|ARM.ActiveCfg = Release|Any CPU
		{A46BC345-6E45-47A0-88A0-103B5FC4FC55}.Release|ARM.Build.0 = Release|Any CPU
		{A46BC345-6E45-47A0-88A0-103B5FC4FC55}.Release|ARM.Deploy.0 = Release|Any CPU
		{A46BC345-6E45-47A0-88A0-103B5FC4FC55}.Release|iPhone.ActiveCfg = Release|Any CPU
		{A46BC345-6E45-47A0-88A0-103B5FC4FC55}.Release|iPhone.Build.0 = Release|Any CPU
		{A46BC345-6E45-47A0-88A0-103B5FC4FC55}.Release|iPhone.Deploy.0 = Release|Any CPU
		{A46BC345-6E45-47A0-88A0-103B5FC4FC55}.Release|iPhoneSimulator.ActiveCfg = Release|Any CPU
		{A46BC345-6E45-47A0-88A0-103B5FC4FC55}.Release|iPhoneSimulator.Build.0 = Release|Any CPU
		{A46BC345-6E45-47A0-88A0-103B5FC4FC55}.Release|iPhoneSimulator.Deploy.0 = Release|Any CPU
		{A46BC345-6E45-47A0-88A0-103B5FC4FC55}.Release|x64.ActiveCfg = Release|Any CPU
		{A46BC345-6E45-47A0-88A0-103B5FC4FC55}.Release|x64.Build.0 = Release|Any CPU
		{A46BC345-6E45-47A0-88A0-103B5FC4FC55}.Release|x64.Deploy.0 = Release|Any CPU
		{A46BC345-6E45-47A0-88A0-103B5FC4FC55}.Release|x86.ActiveCfg = Release|Any CPU
		{A46BC345-6E45-47A0-88A0-103B5FC4FC55}.Release|x86.Build.0 = Release|Any CPU
		{A46BC345-6E45-47A0-88A0-103B5FC4FC55}.Release|x86.Deploy.0 = Release|Any CPU
		{0FD6F346-1A11-464A-9CEF-E121885D2807}.Ad-Hoc|Any CPU.ActiveCfg = Release|Any CPU
		{0FD6F346-1A11-464A-9CEF-E121885D2807}.Ad-Hoc|Any CPU.Build.0 = Release|Any CPU
		{0FD6F346-1A11-464A-9CEF-E121885D2807}.Ad-Hoc|ARM.ActiveCfg = Release|Any CPU
		{0FD6F346-1A11-464A-9CEF-E121885D2807}.Ad-Hoc|ARM.Build.0 = Release|Any CPU
		{0FD6F346-1A11-464A-9CEF-E121885D2807}.Ad-Hoc|iPhone.ActiveCfg = Release|Any CPU
		{0FD6F346-1A11-464A-9CEF-E121885D2807}.Ad-Hoc|iPhone.Build.0 = Release|Any CPU
		{0FD6F346-1A11-464A-9CEF-E121885D2807}.Ad-Hoc|iPhoneSimulator.ActiveCfg = Release|Any CPU
		{0FD6F346-1A11-464A-9CEF-E121885D2807}.Ad-Hoc|iPhoneSimulator.Build.0 = Release|Any CPU
		{0FD6F346-1A11-464A-9CEF-E121885D2807}.Ad-Hoc|x64.ActiveCfg = Release|Any CPU
		{0FD6F346-1A11-464A-9CEF-E121885D2807}.Ad-Hoc|x64.Build.0 = Release|Any CPU
		{0FD6F346-1A11-464A-9CEF-E121885D2807}.Ad-Hoc|x86.ActiveCfg = Release|Any CPU
		{0FD6F346-1A11-464A-9CEF-E121885D2807}.Ad-Hoc|x86.Build.0 = Release|Any CPU
		{0FD6F346-1A11-464A-9CEF-E121885D2807}.AppStore|Any CPU.ActiveCfg = Release|Any CPU
		{0FD6F346-1A11-464A-9CEF-E121885D2807}.AppStore|Any CPU.Build.0 = Release|Any CPU
		{0FD6F346-1A11-464A-9CEF-E121885D2807}.AppStore|ARM.ActiveCfg = Release|Any CPU
		{0FD6F346-1A11-464A-9CEF-E121885D2807}.AppStore|ARM.Build.0 = Release|Any CPU
		{0FD6F346-1A11-464A-9CEF-E121885D2807}.AppStore|iPhone.ActiveCfg = Release|Any CPU
		{0FD6F346-1A11-464A-9CEF-E121885D2807}.AppStore|iPhone.Build.0 = Release|Any CPU
		{0FD6F346-1A11-464A-9CEF-E121885D2807}.AppStore|iPhoneSimulator.ActiveCfg = Release|Any CPU
		{0FD6F346-1A11-464A-9CEF-E121885D2807}.AppStore|iPhoneSimulator.Build.0 = Release|Any CPU
		{0FD6F346-1A11-464A-9CEF-E121885D2807}.AppStore|x64.ActiveCfg = Release|Any CPU
		{0FD6F346-1A11-464A-9CEF-E121885D2807}.AppStore|x64.Build.0 = Release|Any CPU
		{0FD6F346-1A11-464A-9CEF-E121885D2807}.AppStore|x86.ActiveCfg = Release|Any CPU
		{0FD6F346-1A11-464A-9CEF-E121885D2807}.AppStore|x86.Build.0 = Release|Any CPU
		{0FD6F346-1A11-464A-9CEF-E121885D2807}.Debug|Any CPU.ActiveCfg = Debug|Any CPU
		{0FD6F346-1A11-464A-9CEF-E121885D2807}.Debug|Any CPU.Build.0 = Debug|Any CPU
		{0FD6F346-1A11-464A-9CEF-E121885D2807}.Debug|ARM.ActiveCfg = Debug|Any CPU
		{0FD6F346-1A11-464A-9CEF-E121885D2807}.Debug|ARM.Build.0 = Debug|Any CPU
		{0FD6F346-1A11-464A-9CEF-E121885D2807}.Debug|iPhone.ActiveCfg = Debug|Any CPU
		{0FD6F346-1A11-464A-9CEF-E121885D2807}.Debug|iPhone.Build.0 = Debug|Any CPU
		{0FD6F346-1A11-464A-9CEF-E121885D2807}.Debug|iPhoneSimulator.ActiveCfg = Debug|Any CPU
		{0FD6F346-1A11-464A-9CEF-E121885D2807}.Debug|iPhoneSimulator.Build.0 = Debug|Any CPU
		{0FD6F346-1A11-464A-9CEF-E121885D2807}.Debug|x64.ActiveCfg = Debug|Any CPU
		{0FD6F346-1A11-464A-9CEF-E121885D2807}.Debug|x64.Build.0 = Debug|Any CPU
		{0FD6F346-1A11-464A-9CEF-E121885D2807}.Debug|x86.ActiveCfg = Debug|Any CPU
		{0FD6F346-1A11-464A-9CEF-E121885D2807}.Debug|x86.Build.0 = Debug|Any CPU
		{0FD6F346-1A11-464A-9CEF-E121885D2807}.Release|Any CPU.ActiveCfg = Release|Any CPU
		{0FD6F346-1A11-464A-9CEF-E121885D2807}.Release|Any CPU.Build.0 = Release|Any CPU
		{0FD6F346-1A11-464A-9CEF-E121885D2807}.Release|ARM.ActiveCfg = Release|Any CPU
		{0FD6F346-1A11-464A-9CEF-E121885D2807}.Release|ARM.Build.0 = Release|Any CPU
		{0FD6F346-1A11-464A-9CEF-E121885D2807}.Release|iPhone.ActiveCfg = Release|Any CPU
		{0FD6F346-1A11-464A-9CEF-E121885D2807}.Release|iPhone.Build.0 = Release|Any CPU
		{0FD6F346-1A11-464A-9CEF-E121885D2807}.Release|iPhoneSimulator.ActiveCfg = Release|Any CPU
		{0FD6F346-1A11-464A-9CEF-E121885D2807}.Release|iPhoneSimulator.Build.0 = Release|Any CPU
		{0FD6F346-1A11-464A-9CEF-E121885D2807}.Release|x64.ActiveCfg = Release|Any CPU
		{0FD6F346-1A11-464A-9CEF-E121885D2807}.Release|x64.Build.0 = Release|Any CPU
		{0FD6F346-1A11-464A-9CEF-E121885D2807}.Release|x86.ActiveCfg = Release|Any CPU
		{0FD6F346-1A11-464A-9CEF-E121885D2807}.Release|x86.Build.0 = Release|Any CPU
		{C1334684-17C3-4DF6-986B-C4E84BC08368}.Ad-Hoc|Any CPU.ActiveCfg = Release|x86
		{C1334684-17C3-4DF6-986B-C4E84BC08368}.Ad-Hoc|Any CPU.Build.0 = Release|x86
		{C1334684-17C3-4DF6-986B-C4E84BC08368}.Ad-Hoc|Any CPU.Deploy.0 = Release|x86
		{C1334684-17C3-4DF6-986B-C4E84BC08368}.Ad-Hoc|ARM.ActiveCfg = Release|ARM
		{C1334684-17C3-4DF6-986B-C4E84BC08368}.Ad-Hoc|ARM.Build.0 = Release|ARM
		{C1334684-17C3-4DF6-986B-C4E84BC08368}.Ad-Hoc|ARM.Deploy.0 = Release|ARM
		{C1334684-17C3-4DF6-986B-C4E84BC08368}.Ad-Hoc|iPhone.ActiveCfg = Release|x86
		{C1334684-17C3-4DF6-986B-C4E84BC08368}.Ad-Hoc|iPhone.Build.0 = Release|x86
		{C1334684-17C3-4DF6-986B-C4E84BC08368}.Ad-Hoc|iPhone.Deploy.0 = Release|x86
		{C1334684-17C3-4DF6-986B-C4E84BC08368}.Ad-Hoc|iPhoneSimulator.ActiveCfg = Release|x86
		{C1334684-17C3-4DF6-986B-C4E84BC08368}.Ad-Hoc|iPhoneSimulator.Build.0 = Release|x86
		{C1334684-17C3-4DF6-986B-C4E84BC08368}.Ad-Hoc|iPhoneSimulator.Deploy.0 = Release|x86
		{C1334684-17C3-4DF6-986B-C4E84BC08368}.Ad-Hoc|x64.ActiveCfg = Release|x64
		{C1334684-17C3-4DF6-986B-C4E84BC08368}.Ad-Hoc|x64.Build.0 = Release|x64
		{C1334684-17C3-4DF6-986B-C4E84BC08368}.Ad-Hoc|x64.Deploy.0 = Release|x64
		{C1334684-17C3-4DF6-986B-C4E84BC08368}.Ad-Hoc|x86.ActiveCfg = Release|x86
		{C1334684-17C3-4DF6-986B-C4E84BC08368}.Ad-Hoc|x86.Build.0 = Release|x86
		{C1334684-17C3-4DF6-986B-C4E84BC08368}.Ad-Hoc|x86.Deploy.0 = Release|x86
		{C1334684-17C3-4DF6-986B-C4E84BC08368}.AppStore|Any CPU.ActiveCfg = Release|x86
		{C1334684-17C3-4DF6-986B-C4E84BC08368}.AppStore|Any CPU.Build.0 = Release|x86
		{C1334684-17C3-4DF6-986B-C4E84BC08368}.AppStore|Any CPU.Deploy.0 = Release|x86
		{C1334684-17C3-4DF6-986B-C4E84BC08368}.AppStore|ARM.ActiveCfg = Release|ARM
		{C1334684-17C3-4DF6-986B-C4E84BC08368}.AppStore|ARM.Build.0 = Release|ARM
		{C1334684-17C3-4DF6-986B-C4E84BC08368}.AppStore|ARM.Deploy.0 = Release|ARM
		{C1334684-17C3-4DF6-986B-C4E84BC08368}.AppStore|iPhone.ActiveCfg = Release|x86
		{C1334684-17C3-4DF6-986B-C4E84BC08368}.AppStore|iPhone.Build.0 = Release|x86
		{C1334684-17C3-4DF6-986B-C4E84BC08368}.AppStore|iPhone.Deploy.0 = Release|x86
		{C1334684-17C3-4DF6-986B-C4E84BC08368}.AppStore|iPhoneSimulator.ActiveCfg = Release|x86
		{C1334684-17C3-4DF6-986B-C4E84BC08368}.AppStore|iPhoneSimulator.Build.0 = Release|x86
		{C1334684-17C3-4DF6-986B-C4E84BC08368}.AppStore|iPhoneSimulator.Deploy.0 = Release|x86
		{C1334684-17C3-4DF6-986B-C4E84BC08368}.AppStore|x64.ActiveCfg = Release|x64
		{C1334684-17C3-4DF6-986B-C4E84BC08368}.AppStore|x64.Build.0 = Release|x64
		{C1334684-17C3-4DF6-986B-C4E84BC08368}.AppStore|x64.Deploy.0 = Release|x64
		{C1334684-17C3-4DF6-986B-C4E84BC08368}.AppStore|x86.ActiveCfg = Release|x86
		{C1334684-17C3-4DF6-986B-C4E84BC08368}.AppStore|x86.Build.0 = Release|x86
		{C1334684-17C3-4DF6-986B-C4E84BC08368}.AppStore|x86.Deploy.0 = Release|x86
		{C1334684-17C3-4DF6-986B-C4E84BC08368}.Debug|Any CPU.ActiveCfg = Debug|x86
		{C1334684-17C3-4DF6-986B-C4E84BC08368}.Debug|ARM.ActiveCfg = Debug|ARM
		{C1334684-17C3-4DF6-986B-C4E84BC08368}.Debug|ARM.Build.0 = Debug|ARM
		{C1334684-17C3-4DF6-986B-C4E84BC08368}.Debug|ARM.Deploy.0 = Debug|ARM
		{C1334684-17C3-4DF6-986B-C4E84BC08368}.Debug|iPhone.ActiveCfg = Debug|x86
		{C1334684-17C3-4DF6-986B-C4E84BC08368}.Debug|iPhoneSimulator.ActiveCfg = Debug|x86
		{C1334684-17C3-4DF6-986B-C4E84BC08368}.Debug|x64.ActiveCfg = Debug|x64
		{C1334684-17C3-4DF6-986B-C4E84BC08368}.Debug|x64.Build.0 = Debug|x64
		{C1334684-17C3-4DF6-986B-C4E84BC08368}.Debug|x64.Deploy.0 = Debug|x64
		{C1334684-17C3-4DF6-986B-C4E84BC08368}.Debug|x86.ActiveCfg = Debug|x86
		{C1334684-17C3-4DF6-986B-C4E84BC08368}.Debug|x86.Build.0 = Debug|x86
		{C1334684-17C3-4DF6-986B-C4E84BC08368}.Debug|x86.Deploy.0 = Debug|x86
		{C1334684-17C3-4DF6-986B-C4E84BC08368}.Release|Any CPU.ActiveCfg = Release|x86
		{C1334684-17C3-4DF6-986B-C4E84BC08368}.Release|ARM.ActiveCfg = Release|ARM
		{C1334684-17C3-4DF6-986B-C4E84BC08368}.Release|ARM.Build.0 = Release|ARM
		{C1334684-17C3-4DF6-986B-C4E84BC08368}.Release|ARM.Deploy.0 = Release|ARM
		{C1334684-17C3-4DF6-986B-C4E84BC08368}.Release|iPhone.ActiveCfg = Release|x86
		{C1334684-17C3-4DF6-986B-C4E84BC08368}.Release|iPhoneSimulator.ActiveCfg = Release|x86
		{C1334684-17C3-4DF6-986B-C4E84BC08368}.Release|x64.ActiveCfg = Release|x64
		{C1334684-17C3-4DF6-986B-C4E84BC08368}.Release|x64.Build.0 = Release|x64
		{C1334684-17C3-4DF6-986B-C4E84BC08368}.Release|x64.Deploy.0 = Release|x64
		{C1334684-17C3-4DF6-986B-C4E84BC08368}.Release|x86.ActiveCfg = Release|x86
		{C1334684-17C3-4DF6-986B-C4E84BC08368}.Release|x86.Build.0 = Release|x86
		{C1334684-17C3-4DF6-986B-C4E84BC08368}.Release|x86.Deploy.0 = Release|x86
		{1FCEBB73-9941-49D4-8D07-1C07360DA8C7}.Ad-Hoc|Any CPU.ActiveCfg = Ad-Hoc|iPhoneSimulator
		{1FCEBB73-9941-49D4-8D07-1C07360DA8C7}.Ad-Hoc|ARM.ActiveCfg = Ad-Hoc|iPhone
		{1FCEBB73-9941-49D4-8D07-1C07360DA8C7}.Ad-Hoc|iPhone.ActiveCfg = Ad-Hoc|iPhone
		{1FCEBB73-9941-49D4-8D07-1C07360DA8C7}.Ad-Hoc|iPhone.Build.0 = Ad-Hoc|iPhone
		{1FCEBB73-9941-49D4-8D07-1C07360DA8C7}.Ad-Hoc|iPhoneSimulator.ActiveCfg = Ad-Hoc|iPhoneSimulator
		{1FCEBB73-9941-49D4-8D07-1C07360DA8C7}.Ad-Hoc|iPhoneSimulator.Build.0 = Ad-Hoc|iPhoneSimulator
		{1FCEBB73-9941-49D4-8D07-1C07360DA8C7}.Ad-Hoc|x64.ActiveCfg = Ad-Hoc|iPhone
		{1FCEBB73-9941-49D4-8D07-1C07360DA8C7}.Ad-Hoc|x86.ActiveCfg = Ad-Hoc|iPhone
		{1FCEBB73-9941-49D4-8D07-1C07360DA8C7}.AppStore|Any CPU.ActiveCfg = AppStore|iPhoneSimulator
		{1FCEBB73-9941-49D4-8D07-1C07360DA8C7}.AppStore|ARM.ActiveCfg = AppStore|iPhone
		{1FCEBB73-9941-49D4-8D07-1C07360DA8C7}.AppStore|iPhone.ActiveCfg = AppStore|iPhone
		{1FCEBB73-9941-49D4-8D07-1C07360DA8C7}.AppStore|iPhone.Build.0 = AppStore|iPhone
		{1FCEBB73-9941-49D4-8D07-1C07360DA8C7}.AppStore|iPhoneSimulator.ActiveCfg = AppStore|iPhoneSimulator
		{1FCEBB73-9941-49D4-8D07-1C07360DA8C7}.AppStore|iPhoneSimulator.Build.0 = AppStore|iPhoneSimulator
		{1FCEBB73-9941-49D4-8D07-1C07360DA8C7}.AppStore|x64.ActiveCfg = AppStore|iPhone
		{1FCEBB73-9941-49D4-8D07-1C07360DA8C7}.AppStore|x86.ActiveCfg = AppStore|iPhone
		{1FCEBB73-9941-49D4-8D07-1C07360DA8C7}.Debug|Any CPU.ActiveCfg = Debug|iPhoneSimulator
		{1FCEBB73-9941-49D4-8D07-1C07360DA8C7}.Debug|ARM.ActiveCfg = Debug|iPhone
		{1FCEBB73-9941-49D4-8D07-1C07360DA8C7}.Debug|iPhone.ActiveCfg = Debug|iPhone
		{1FCEBB73-9941-49D4-8D07-1C07360DA8C7}.Debug|iPhone.Build.0 = Debug|iPhone
		{1FCEBB73-9941-49D4-8D07-1C07360DA8C7}.Debug|iPhoneSimulator.ActiveCfg = Debug|iPhoneSimulator
		{1FCEBB73-9941-49D4-8D07-1C07360DA8C7}.Debug|iPhoneSimulator.Build.0 = Debug|iPhoneSimulator
		{1FCEBB73-9941-49D4-8D07-1C07360DA8C7}.Debug|x64.ActiveCfg = Debug|iPhone
		{1FCEBB73-9941-49D4-8D07-1C07360DA8C7}.Debug|x86.ActiveCfg = Debug|iPhone
		{1FCEBB73-9941-49D4-8D07-1C07360DA8C7}.Release|Any CPU.ActiveCfg = Release|iPhoneSimulator
		{1FCEBB73-9941-49D4-8D07-1C07360DA8C7}.Release|ARM.ActiveCfg = Release|iPhone
		{1FCEBB73-9941-49D4-8D07-1C07360DA8C7}.Release|iPhone.ActiveCfg = Release|iPhone
		{1FCEBB73-9941-49D4-8D07-1C07360DA8C7}.Release|iPhone.Build.0 = Release|iPhone
		{1FCEBB73-9941-49D4-8D07-1C07360DA8C7}.Release|iPhoneSimulator.ActiveCfg = Release|iPhoneSimulator
		{1FCEBB73-9941-49D4-8D07-1C07360DA8C7}.Release|iPhoneSimulator.Build.0 = Release|iPhoneSimulator
		{1FCEBB73-9941-49D4-8D07-1C07360DA8C7}.Release|x64.ActiveCfg = Release|iPhone
		{1FCEBB73-9941-49D4-8D07-1C07360DA8C7}.Release|x86.ActiveCfg = Release|iPhone
	EndGlobalSection
	GlobalSection(SolutionProperties) = preSolution
		HideSolutionNode = FALSE
	EndGlobalSection
	GlobalSection(ExtensibilityGlobals) = postSolution
		SolutionGuid = {B9781E38-E2CA-4F29-9F47-1CBA58D79CF7}
	EndGlobalSection
EndGlobal
